
Microsoft Visual Studio Solution File, Format Version 12.00
# Visual Studio Version 17
VisualStudioVersion = 17.10.34902.84
MinimumVisualStudioVersion = 10.0.40219.1
Project("{FAE04EC0-301F-11D3-BF4B-00C04F79EFBC}") = "Quartz.Net.WebApi", "Quartz.Net.WebApi\Quartz.Net.WebApi.csproj", "{9405FD52-A4AB-4E98-820D-52F864AD5285}"
EndProject
Global
	GlobalSection(SolutionConfigurationPlatforms) = preSolution
		Debug|Any CPU = Debug|Any CPU
		Release|Any CPU = Release|Any CPU
	EndGlobalSection
	GlobalSection(ProjectConfigurationPlatforms) = postSolution
		{9405FD52-A4AB-4E98-820D-52F864AD5285}.Debug|Any CPU.ActiveCfg = Debug|Any CPU
		{9405FD52-A4AB-4E98-820D-52F864AD5285}.Debug|Any CPU.Build.0 = Debug|Any CPU
		{9405FD52-A4AB-4E98-820D-52F864AD5285}.Release|Any CPU.ActiveCfg = Release|Any CPU
		{9405FD52-A4AB-4E98-820D-52F864AD5285}.Release|Any CPU.Build.0 = Release|Any CPU
	EndGlobalSection
	GlobalSection(SolutionProperties) = preSolution
		HideSolutionNode = FALSE
	EndGlobalSection
	GlobalSection(ExtensibilityGlobals) = postSolution
		SolutionGuid = {846E0A3D-FF3A-463C-A38E-F4D219758D42}
	EndGlobalSection
EndGlobal
